{
	"name": "action-return-value-api",
	"version": "0.1.0",
	"lockfileVersion": 3,
	"requires": true,
	"packages": {
		"": {
			"name": "action-return-value-api",
			"version": "0.1.0",
			"license": "MIT",
			"dependencies": {
				"@wharfkit/session": "latest",
				"hono": "latest",
				"openapi3-ts": "latest"
			},
			"devDependencies": {
				"bun-types": "latest",
				"typescript": "latest"
			}
		},
		"node_modules/@types/node": {
			"version": "20.11.7",
			"resolved": "https://registry.npmjs.org/@types/node/-/node-20.11.7.tgz",
			"integrity": "sha512-GPmeN1C3XAyV5uybAf4cMLWT9fDWcmQhZVtMFu7OR32WjrqGG+Wnk2V1d0bmtUyE/Zy1QJ9BxyiTih9z8Oks8A==",
			"dev": true,
			"dependencies": {
				"undici-types": "~5.26.4"
			}
		},
		"node_modules/@types/node/node_modules/undici-types": {
			"version": "5.26.5",
			"resolved": "https://registry.npmjs.org/undici-types/-/undici-types-5.26.5.tgz",
			"integrity": "sha512-JlCMO+ehdEIKqlFxk6IfVoAUVmgz7cU7zD/h9XZ0qzeosSHmUJVOzSQvvYSYWXkFXC+IfLKSIffhv0sVZup6pA==",
			"dev": true
		},
		"node_modules/@types/ws": {
			"version": "8.5.10",
			"resolved": "https://registry.npmjs.org/@types/ws/-/ws-8.5.10.tgz",
			"integrity": "sha512-vmQSUcfalpIq0R9q7uTo2lXs6eGIpt9wtnLdMv9LVpIjCA/+ufZRozlVoVelIYixx1ugCBKDhn89vnsEGOCx9A==",
			"dev": true,
			"dependencies": {
				"@types/node": "*"
			}
		},
		"node_modules/@wharfkit/abicache": {
			"version": "1.2.2",
			"license": "BSD-3-Clause",
			"dependencies": {
				"@wharfkit/antelope": "^1.0.2",
				"@wharfkit/signing-request": "^3.1.0",
				"pako": "^2.0.4",
				"tslib": "^2.1.0"
			}
		},
		"node_modules/@wharfkit/account": {
			"version": "1.0.0",
			"license": "BSD-3-Clause",
			"dependencies": {
				"@wharfkit/antelope": "^1.0.0",
				"@wharfkit/common": "^1.2.0",
				"@wharfkit/contract": "^1.0.0",
				"@wharfkit/resources": "^1.1.0",
				"@wharfkit/token": "^1.0.1",
				"tslib": "^2.1.0"
			}
		},
		"node_modules/@wharfkit/antelope": {
			"version": "1.0.5",
			"license": "BSD-3-Clause-No-Military-License",
			"dependencies": {
				"bn.js": "^4.11.9",
				"brorand": "^1.1.0",
				"elliptic": "^6.5.4",
				"hash.js": "^1.0.0",
				"pako": "^2.1.0",
				"tslib": "^2.0.3"
			}
		},
		"node_modules/@wharfkit/common": {
			"version": "1.2.0",
			"license": "BSD-3-Clause",
			"dependencies": {
				"tslib": "^2.1.0"
			},
			"peerDependencies": {
				"@wharfkit/antelope": "^1.0.0"
			}
		},
		"node_modules/@wharfkit/contract": {
			"version": "1.1.4",
			"license": "BSD-3-Clause",
			"dependencies": {
				"@wharfkit/abicache": "^1.2.0",
				"@wharfkit/antelope": "^1.0.4",
				"@wharfkit/signing-request": "^3.1.0",
				"tslib": "^2.1.0"
			}
		},
		"node_modules/@wharfkit/resources": {
			"version": "1.2.1",
			"license": "BSD-3-Clause",
			"dependencies": {
				"@wharfkit/antelope": "^1.0.0",
				"bn.js": "^4.11.9",
				"tslib": "^2.1.0"
			}
		},
		"node_modules/@wharfkit/session": {
			"version": "1.2.7",
			"resolved": "https://registry.npmjs.org/@wharfkit/session/-/session-1.2.7.tgz",
			"integrity": "sha512-EP6uszhUlC90UAHDg+ZoXJid4z+d+iXPgOcMlWfNivq6XtyYXU+uDO9nyuZ9aiGezUs0dcnWuXsB8SM8vuR2Nw==",
			"dependencies": {
				"@wharfkit/abicache": "^1.2.1",
				"@wharfkit/account": "^1.0.0",
				"@wharfkit/antelope": "^1.0.2",
				"@wharfkit/common": "^1.2.0",
				"@wharfkit/signing-request": "^3.1.0",
				"pako": "^2.0.4",
				"tslib": "^2.1.0"
			}
		},
		"node_modules/@wharfkit/signing-request": {
			"version": "3.1.0",
			"license": "MIT",
			"dependencies": {
				"@wharfkit/antelope": "^1.0.0",
				"tslib": "^2.0.3"
			}
		},
		"node_modules/@wharfkit/token": {
			"version": "1.0.1",
			"license": "BSD-3-Clause",
			"dependencies": {
				"@wharfkit/antelope": "^1.0.0",
				"@wharfkit/contract": "^1.0.0",
				"bn.js": "^4.11.9",
				"tslib": "^2.1.0"
			}
		},
		"node_modules/bn.js": {
			"version": "4.12.0",
			"license": "MIT"
		},
		"node_modules/brorand": {
			"version": "1.1.0",
			"license": "MIT"
		},
		"node_modules/bun-types": {
			"version": "1.0.25",
			"resolved": "https://registry.npmjs.org/bun-types/-/bun-types-1.0.25.tgz",
			"integrity": "sha512-9lxeUR/OJsvlZH4GOWteiAdx7ikrSxCUX7Rr0JJux+DrR3LejouVLxIZnTeQ3UPAZovvSgKivWeHPJ2wlo7/Kg==",
			"dev": true,
			"dependencies": {
				"@types/node": "*",
				"@types/ws": "*",
				"undici-types": "^5.26.4"
			}
		},
		"node_modules/elliptic": {
			"version": "6.5.4",
			"license": "MIT",
			"dependencies": {
				"bn.js": "^4.11.9",
				"brorand": "^1.1.0",
				"hash.js": "^1.0.0",
				"hmac-drbg": "^1.0.1",
				"inherits": "^2.0.4",
				"minimalistic-assert": "^1.0.1",
				"minimalistic-crypto-utils": "^1.0.1"
			}
		},
		"node_modules/hash.js": {
			"version": "1.1.7",
			"license": "MIT",
			"dependencies": {
				"inherits": "^2.0.3",
				"minimalistic-assert": "^1.0.1"
			}
		},
		"node_modules/hmac-drbg": {
			"version": "1.0.1",
			"license": "MIT",
			"dependencies": {
				"hash.js": "^1.0.3",
				"minimalistic-assert": "^1.0.0",
				"minimalistic-crypto-utils": "^1.0.1"
			}
		},
		"node_modules/hono": {
			"version": "3.12.7",
			"resolved": "https://registry.npmjs.org/hono/-/hono-3.12.7.tgz",
			"integrity": "sha512-jfyIoE8D5I1PGj0tXAGqpQ2miAWBBuHFjJsWjh0hbBVludQ8QO4lF6KTbPvjMi4venp8Q6DyMoJ51CwP6L5LNA==",
			"engines": {
				"node": ">=16.0.0"
			}
		},
		"node_modules/inherits": {
			"version": "2.0.4",
			"license": "ISC"
		},
		"node_modules/minimalistic-assert": {
			"version": "1.0.1",
			"license": "ISC"
		},
		"node_modules/minimalistic-crypto-utils": {
			"version": "1.0.1",
			"license": "MIT"
		},
		"node_modules/openapi3-ts": {
			"version": "4.2.1",
			"resolved": "https://registry.npmjs.org/openapi3-ts/-/openapi3-ts-4.2.1.tgz",
			"integrity": "sha512-KL1mKwkZii5ce+tb24KCUmQHyWB/oanG5fzUY35UB+wenWJv4Kr/IWBntpn5R8ODiJcxx13ZDophcpHnLGeIOw==",
			"dependencies": {
				"yaml": "^2.3.4"
			}
		},
		"node_modules/pako": {
			"version": "2.1.0",
			"license": "(MIT AND Zlib)"
		},
		"node_modules/tslib": {
			"version": "2.6.2",
			"license": "0BSD"
		},
		"node_modules/typescript": {
			"version": "5.3.3",
			"resolved": "https://registry.npmjs.org/typescript/-/typescript-5.3.3.tgz",
			"integrity": "sha512-pXWcraxM0uxAS+tN0AG/BF2TyqmHO014Z070UsJ+pFvYuRSq8KH8DmWpnbXe0pEPDHXZV3FcAbJkijJ5oNEnWw==",
			"dev": true,
			"bin": {
				"tsc": "bin/tsc",
				"tsserver": "bin/tsserver"
			},
			"engines": {
				"node": ">=14.17"
			}
		},
		"node_modules/undici-types": {
			"version": "5.28.2",
			"resolved": "https://registry.npmjs.org/undici-types/-/undici-types-5.28.2.tgz",
			"integrity": "sha512-W71OLwDqzIO0d3k07qg1xc7d4cX8SsSwuCO4bQ4V7ITwduXXie/lcImofabP5VV+NvuvSe8ovKvHVJcizVc1JA==",
			"dev": true
		},
		"node_modules/yaml": {
			"version": "2.3.4",
			"resolved": "https://registry.npmjs.org/yaml/-/yaml-2.3.4.tgz",
			"integrity": "sha512-8aAvwVUSHpfEqTQ4w/KMlf3HcRdt50E5ODIQJBw1fQ5RL34xabzxtUlzTXVqc4rkZsPbvrXKWnABCD7kWSmocA==",
			"engines": {
				"node": ">= 14"
			}
		}
	}
}
